
Microsoft Visual Studio Solution File, Format Version 12.00
# Visual Studio Version 17
VisualStudioVersion = 17.12.35527.113 d17.12
MinimumVisualStudioVersion = 10.0.40219.1
Project("{FAE04EC0-301F-11D3-BF4B-00C04F79EFBC}") = "MorCondoApp.Web", "MorCondoApp.Web\MorCondoApp.Web.csproj", "{4C625C1B-A82B-4198-AB64-52F320B4FDA2}"
EndProject
Project("{FAE04EC0-301F-11D3-BF4B-00C04F79EFBC}") = "MorCondoApp.Application", "MorCondoApp.Application\MorCondoApp.Application.csproj", "{A68D2145-2AB1-40BF-8940-CFE5187CB542}"
EndProject
Project("{FAE04EC0-301F-11D3-BF4B-00C04F79EFBC}") = "MorCondoApp.Domain", "MorCondoApp.Domain\MorCondoApp.Domain.csproj", "{F4C05841-1E2E-49E2-AF5B-C70627023BD7}"
EndProject
Project("{FAE04EC0-301F-11D3-BF4B-00C04F79EFBC}") = "MorCondoApp.Infrastructure", "MorCondoApp.Infrastructure\MorCondoApp.Infrastructure.csproj", "{847FB260-5FA3-4476-89F2-867538FF1702}"
EndProject
Global
	GlobalSection(SolutionConfigurationPlatforms) = preSolution
		Debug|Any CPU = Debug|Any CPU
		Release|Any CPU = Release|Any CPU
	EndGlobalSection
	GlobalSection(ProjectConfigurationPlatforms) = postSolution
		{4C625C1B-A82B-4198-AB64-52F320B4FDA2}.Debug|Any CPU.ActiveCfg = Debug|Any CPU
		{4C625C1B-A82B-4198-AB64-52F320B4FDA2}.Debug|Any CPU.Build.0 = Debug|Any CPU
		{4C625C1B-A82B-4198-AB64-52F320B4FDA2}.Release|Any CPU.ActiveCfg = Release|Any CPU
		{4C625C1B-A82B-4198-AB64-52F320B4FDA2}.Release|Any CPU.Build.0 = Release|Any CPU
		{A68D2145-2AB1-40BF-8940-CFE5187CB542}.Debug|Any CPU.ActiveCfg = Debug|Any CPU
		{A68D2145-2AB1-40BF-8940-CFE5187CB542}.Debug|Any CPU.Build.0 = Debug|Any CPU
		{A68D2145-2AB1-40BF-8940-CFE5187CB542}.Release|Any CPU.ActiveCfg = Release|Any CPU
		{A68D2145-2AB1-40BF-8940-CFE5187CB542}.Release|Any CPU.Build.0 = Release|Any CPU
		{F4C05841-1E2E-49E2-AF5B-C70627023BD7}.Debug|Any CPU.ActiveCfg = Debug|Any CPU
		{F4C05841-1E2E-49E2-AF5B-C70627023BD7}.Debug|Any CPU.Build.0 = Debug|Any CPU
		{F4C05841-1E2E-49E2-AF5B-C70627023BD7}.Release|Any CPU.ActiveCfg = Release|Any CPU
		{F4C05841-1E2E-49E2-AF5B-C70627023BD7}.Release|Any CPU.Build.0 = Release|Any CPU
		{847FB260-5FA3-4476-89F2-867538FF1702}.Debug|Any CPU.ActiveCfg = Debug|Any CPU
		{847FB260-5FA3-4476-89F2-867538FF1702}.Debug|Any CPU.Build.0 = Debug|Any CPU
		{847FB260-5FA3-4476-89F2-867538FF1702}.Release|Any CPU.ActiveCfg = Release|Any CPU
		{847FB260-5FA3-4476-89F2-867538FF1702}.Release|Any CPU.Build.0 = Release|Any CPU
	EndGlobalSection
	GlobalSection(SolutionProperties) = preSolution
		HideSolutionNode = FALSE
	EndGlobalSection
EndGlobal
